{
  "version": 4,
  "terraform_version": "1.9.4",
  "serial": 36,
  "lineage": "a18b3dac-eb5b-97ce-f969-2f81e0035d81",
  "outputs": {},
  "resources": [
    {
      "mode": "managed",
      "type": "github_branch",
      "name": "development",
      "provider": "provider[\"registry.terraform.io/integrations/github\"]",
      "instances": [
        {
          "schema_version": 0,
          "attributes": {
            "branch": "development",
            "etag": "W/\"41113e901fae7371bb8dcbcfd3b8c89288891dc33a9f1bfa126db3025af44367\"",
            "id": "my-terraform-created-repo:development",
            "ref": "refs/heads/development",
            "repository": "my-terraform-created-repo",
            "sha": "a9d4331e3027caefa4a7831f740f59d7a177ee77",
            "source_branch": "main",
            "source_sha": "a9d4331e3027caefa4a7831f740f59d7a177ee77"
          },
          "sensitive_attributes": [],
          "private": "bnVsbA==",
          "dependencies": [
            "github_repository.my-terraform-created-repo"
          ]
        }
      ]
    },
    {
      "mode": "managed",
      "type": "github_branch_default",
      "name": "default",
      "provider": "provider[\"registry.terraform.io/integrations/github\"]",
      "instances": [
        {
          "schema_version": 0,
          "attributes": {
            "branch": "development",
            "etag": "W/\"556d71e6a434f9753482dc214684e1194e092566a9095b475b9c296f77f54ba7\"",
            "id": "my-terraform-created-repo",
            "rename": false,
            "repository": "my-terraform-created-repo"
          },
          "sensitive_attributes": [],
          "private": "bnVsbA==",
          "dependencies": [
            "github_branch.development",
            "github_repository.my-terraform-created-repo"
          ]
        }
      ]
    },
    {
      "mode": "managed",
      "type": "github_branch_protection",
      "name": "branch_enterprise",
      "provider": "provider[\"registry.terraform.io/integrations/github\"]",
      "instances": [
        {
          "schema_version": 2,
          "attributes": {
            "allows_deletions": false,
            "allows_force_pushes": false,
            "enforce_admins": true,
            "force_push_bypassers": null,
            "id": "BPR_kwDOMmXqQ84DMVEe",
            "lock_branch": false,
            "pattern": "development",
            "repository_id": "R_kgDOMmXqQw",
            "require_conversation_resolution": false,
            "require_signed_commits": false,
            "required_linear_history": false,
            "required_pull_request_reviews": [
              {
                "dismiss_stale_reviews": true,
                "dismissal_restrictions": null,
                "pull_request_bypassers": null,
                "require_code_owner_reviews": false,
                "require_last_push_approval": false,
                "required_approving_review_count": 1,
                "restrict_dismissals": false
              }
            ],
            "required_status_checks": [],
            "restrict_pushes": []
          },
          "sensitive_attributes": [],
          "private": "eyJzY2hlbWFfdmVyc2lvbiI6IjIifQ==",
          "dependencies": [
            "github_branch.development",
            "github_repository.my-terraform-created-repo"
          ]
        }
      ]
    },
    {
      "mode": "managed",
      "type": "github_issue",
      "name": "tf_issues",
      "provider": "provider[\"registry.terraform.io/integrations/github\"]",
      "instances": [
        {
          "schema_version": 0,
          "attributes": {
            "assignees": null,
            "body": "There are fresh issues created from Terraform",
            "etag": "W/\"aaa07e84a2617cf7b531810e06a003e79a10aeeceb65a3e7ef5d757bcb26b160\"",
            "id": "my-terraform-created-repo:1",
            "issue_id": 2477970321,
            "labels": null,
            "milestone_number": 0,
            "number": 1,
            "repository": "my-terraform-created-repo",
            "title": "New Issue"
          },
          "sensitive_attributes": [],
          "private": "bnVsbA==",
          "dependencies": [
            "github_repository.my-terraform-created-repo"
          ]
        }
      ]
    },
    {
      "mode": "managed",
      "type": "github_repository",
      "name": "my-terraform-created-repo",
      "provider": "provider[\"registry.terraform.io/integrations/github\"]",
      "instances": [
        {
          "schema_version": 1,
          "attributes": {
            "allow_auto_merge": false,
            "allow_merge_commit": true,
            "allow_rebase_merge": true,
            "allow_squash_merge": true,
            "allow_update_branch": false,
            "archive_on_destroy": null,
            "archived": false,
            "auto_init": true,
            "default_branch": "main",
            "delete_branch_on_merge": false,
            "description": "Terraform created repo",
            "etag": "W/\"d845d2fbfbc1ff39993326e7996f871a64378a9198d0b927dfe95278bade3cdc\"",
            "full_name": "rahulsbarve/my-terraform-created-repo",
            "git_clone_url": "git://github.com/rahulsbarve/my-terraform-created-repo.git",
            "gitignore_template": null,
            "has_discussions": false,
            "has_downloads": false,
            "has_issues": true,
            "has_projects": false,
            "has_wiki": false,
            "homepage_url": "",
            "html_url": "https://github.com/rahulsbarve/my-terraform-created-repo",
            "http_clone_url": "https://github.com/rahulsbarve/my-terraform-created-repo.git",
            "id": "my-terraform-created-repo",
            "ignore_vulnerability_alerts_during_read": null,
            "is_template": false,
            "license_template": null,
            "merge_commit_message": "PR_TITLE",
            "merge_commit_title": "MERGE_MESSAGE",
            "name": "my-terraform-created-repo",
            "node_id": "R_kgDOMmXqQw",
            "pages": [],
            "primary_language": "",
            "private": false,
            "repo_id": 845539907,
            "security_and_analysis": [
              {
                "advanced_security": [],
                "secret_scanning": [
                  {
                    "status": "enabled"
                  }
                ],
                "secret_scanning_push_protection": [
                  {
                    "status": "enabled"
                  }
                ]
              }
            ],
            "squash_merge_commit_message": "COMMIT_MESSAGES",
            "squash_merge_commit_title": "COMMIT_OR_PR_TITLE",
            "ssh_clone_url": "git@github.com:rahulsbarve/my-terraform-created-repo.git",
            "svn_url": "https://github.com/rahulsbarve/my-terraform-created-repo",
            "template": [],
            "topics": [],
            "visibility": "public",
            "vulnerability_alerts": false,
            "web_commit_signoff_required": false
          },
          "sensitive_attributes": [],
          "private": "eyJzY2hlbWFfdmVyc2lvbiI6IjEifQ=="
        }
      ]
    }
  ],
  "check_results": null
}
